
Microsoft Visual Studio Solution File, Format Version 12.00
Project("{FAE04EC0-301F-11D3-BF4B-00C04F79EFBC}") = "OtelDemo.Inscricoes.HttpService", "Inscricoes\OtelDemo.Inscricoes.HttpService\OtelDemo.Inscricoes.HttpService.csproj", "{26C6558A-FD72-4383-9364-E2EAEF6590F7}"
EndProject
Project("{FAE04EC0-301F-11D3-BF4B-00C04F79EFBC}") = "OtelDemo.Common", "Common\OtelDemo.Common\OtelDemo.Common.csproj", "{5E8F4B71-8933-4059-BEC9-CADA41A8782A}"
EndProject
Project("{FAE04EC0-301F-11D3-BF4B-00C04F79EFBC}") = "OtelDemo.Financeiro.BrokerConsumer", "Inscricoes\OtelDemo.Financeiro.BrokerConsumer\OtelDemo.Financeiro.BrokerConsumer.csproj", "{0BA41433-029D-47B6-8EC1-C34BC961E555}"
EndProject
Project("{FAE04EC0-301F-11D3-BF4B-00C04F79EFBC}") = "OtelDemo.Domain", "Inscricoes\OtelDemo.Domain\OtelDemo.Domain.csproj", "{95395A4F-2D0A-4569-93F5-B908953A01F9}"
EndProject
Project("{FAE04EC0-301F-11D3-BF4B-00C04F79EFBC}") = "OtelDemo.Inscricoes.IntegrationTests", "OtelDemo.Inscricoes.IntegrationTests\OtelDemo.Inscricoes.IntegrationTests.csproj", "{27AE8EE3-FC87-42BD-8294-89C5512C2095}"
EndProject
Project("{2150E333-8FDC-42A3-9474-1A3956D46DE8}") = "actions", "actions", "{98D6B3AD-DBCC-417F-9357-F9FE78492B0A}"
	ProjectSection(SolutionItems) = preProject
		..\..\.github\workflows\build.yml = ..\..\.github\workflows\build.yml
	EndProjectSection
EndProject
Project("{FAE04EC0-301F-11D3-BF4B-00C04F79EFBC}") = "OtelDemo.Acesso.BrokerConsumer", "OtelDemo.Acesso.BrokerConsumer\OtelDemo.Acesso.BrokerConsumer.csproj", "{5199CEC5-5E4C-451C-AEE6-63E12E3EFF25}"
EndProject
Project("{FAE04EC0-301F-11D3-BF4B-00C04F79EFBC}") = "OtelDemo.Financeiro.HttpService", "OtelDemo.Financeiro.HttpService\OtelDemo.Financeiro.HttpService.csproj", "{FADCCBC8-FB8C-4F80-A214-476526505A36}"
EndProject
Project("{2150E333-8FDC-42A3-9474-1A3956D46DE8}") = "Deploys", "Deploys", "{E8EEC6E9-D55B-4897-8499-909A2347907C}"
EndProject
Global
	GlobalSection(SolutionConfigurationPlatforms) = preSolution
		Debug|Any CPU = Debug|Any CPU
		Release|Any CPU = Release|Any CPU
	EndGlobalSection
	GlobalSection(ProjectConfigurationPlatforms) = postSolution
		{26C6558A-FD72-4383-9364-E2EAEF6590F7}.Debug|Any CPU.ActiveCfg = Debug|Any CPU
		{26C6558A-FD72-4383-9364-E2EAEF6590F7}.Debug|Any CPU.Build.0 = Debug|Any CPU
		{26C6558A-FD72-4383-9364-E2EAEF6590F7}.Release|Any CPU.ActiveCfg = Release|Any CPU
		{26C6558A-FD72-4383-9364-E2EAEF6590F7}.Release|Any CPU.Build.0 = Release|Any CPU
		{5E8F4B71-8933-4059-BEC9-CADA41A8782A}.Debug|Any CPU.ActiveCfg = Debug|Any CPU
		{5E8F4B71-8933-4059-BEC9-CADA41A8782A}.Debug|Any CPU.Build.0 = Debug|Any CPU
		{5E8F4B71-8933-4059-BEC9-CADA41A8782A}.Release|Any CPU.ActiveCfg = Release|Any CPU
		{5E8F4B71-8933-4059-BEC9-CADA41A8782A}.Release|Any CPU.Build.0 = Release|Any CPU
		{0BA41433-029D-47B6-8EC1-C34BC961E555}.Debug|Any CPU.ActiveCfg = Debug|Any CPU
		{0BA41433-029D-47B6-8EC1-C34BC961E555}.Debug|Any CPU.Build.0 = Debug|Any CPU
		{0BA41433-029D-47B6-8EC1-C34BC961E555}.Release|Any CPU.ActiveCfg = Release|Any CPU
		{0BA41433-029D-47B6-8EC1-C34BC961E555}.Release|Any CPU.Build.0 = Release|Any CPU
		{95395A4F-2D0A-4569-93F5-B908953A01F9}.Debug|Any CPU.ActiveCfg = Debug|Any CPU
		{95395A4F-2D0A-4569-93F5-B908953A01F9}.Debug|Any CPU.Build.0 = Debug|Any CPU
		{95395A4F-2D0A-4569-93F5-B908953A01F9}.Release|Any CPU.ActiveCfg = Release|Any CPU
		{95395A4F-2D0A-4569-93F5-B908953A01F9}.Release|Any CPU.Build.0 = Release|Any CPU
		{27AE8EE3-FC87-42BD-8294-89C5512C2095}.Debug|Any CPU.ActiveCfg = Debug|Any CPU
		{27AE8EE3-FC87-42BD-8294-89C5512C2095}.Debug|Any CPU.Build.0 = Debug|Any CPU
		{27AE8EE3-FC87-42BD-8294-89C5512C2095}.Release|Any CPU.ActiveCfg = Release|Any CPU
		{27AE8EE3-FC87-42BD-8294-89C5512C2095}.Release|Any CPU.Build.0 = Release|Any CPU
		{5199CEC5-5E4C-451C-AEE6-63E12E3EFF25}.Debug|Any CPU.ActiveCfg = Debug|Any CPU
		{5199CEC5-5E4C-451C-AEE6-63E12E3EFF25}.Debug|Any CPU.Build.0 = Debug|Any CPU
		{5199CEC5-5E4C-451C-AEE6-63E12E3EFF25}.Release|Any CPU.ActiveCfg = Release|Any CPU
		{5199CEC5-5E4C-451C-AEE6-63E12E3EFF25}.Release|Any CPU.Build.0 = Release|Any CPU
		{FADCCBC8-FB8C-4F80-A214-476526505A36}.Debug|Any CPU.ActiveCfg = Debug|Any CPU
		{FADCCBC8-FB8C-4F80-A214-476526505A36}.Debug|Any CPU.Build.0 = Debug|Any CPU
		{FADCCBC8-FB8C-4F80-A214-476526505A36}.Release|Any CPU.ActiveCfg = Release|Any CPU
		{FADCCBC8-FB8C-4F80-A214-476526505A36}.Release|Any CPU.Build.0 = Release|Any CPU
	EndGlobalSection
	GlobalSection(NestedProjects) = preSolution
		{5199CEC5-5E4C-451C-AEE6-63E12E3EFF25} = {E8EEC6E9-D55B-4897-8499-909A2347907C}
		{0BA41433-029D-47B6-8EC1-C34BC961E555} = {E8EEC6E9-D55B-4897-8499-909A2347907C}
		{FADCCBC8-FB8C-4F80-A214-476526505A36} = {E8EEC6E9-D55B-4897-8499-909A2347907C}
		{26C6558A-FD72-4383-9364-E2EAEF6590F7} = {E8EEC6E9-D55B-4897-8499-909A2347907C}
	EndGlobalSection
EndGlobal
